
Microsoft Visual Studio Solution File, Format Version 12.00
# Visual Studio Version 16
VisualStudioVersion = 16.0.30204.135
MinimumVisualStudioVersion = 10.0.40219.1
Project("{9A19103F-16F7-4668-BE54-9A1E7A4F7556}") = "ModernCalorieCalculator", "ModernCalorieCalculator\ModernCalorieCalculator.csproj", "{2EF4B3B1-01C6-46D2-A4D8-B63C5D48F470}"
EndProject
Project("{9A19103F-16F7-4668-BE54-9A1E7A4F7556}") = "ModernCalorieCalculator.App", "ModernCalorieCalculator.App\ModernCalorieCalculator.App.csproj", "{4B65DE46-4FF0-4C44-8F53-3DC25B8803DF}"
EndProject
Project("{9A19103F-16F7-4668-BE54-9A1E7A4F7556}") = "ModernCalorieCalculator.Domain", "ModernCalorieCalculator.Domain\ModernCalorieCalculator.Domain.csproj", "{004C71C1-C183-4A2F-BB1E-A63DC5A9ABD8}"
EndProject
Project("{FAE04EC0-301F-11D3-BF4B-00C04F79EFBC}") = "ModernCalorieCalculator.Tests", "ModernCalorieCalculator.Tests\ModernCalorieCalculator.Tests.csproj", "{65490084-0A37-4780-9F78-03C324FBE9E4}"
EndProject
Global
	GlobalSection(SolutionConfigurationPlatforms) = preSolution
		Debug|Any CPU = Debug|Any CPU
		Release|Any CPU = Release|Any CPU
	EndGlobalSection
	GlobalSection(ProjectConfigurationPlatforms) = postSolution
		{2EF4B3B1-01C6-46D2-A4D8-B63C5D48F470}.Debug|Any CPU.ActiveCfg = Debug|Any CPU
		{2EF4B3B1-01C6-46D2-A4D8-B63C5D48F470}.Debug|Any CPU.Build.0 = Debug|Any CPU
		{2EF4B3B1-01C6-46D2-A4D8-B63C5D48F470}.Release|Any CPU.ActiveCfg = Release|Any CPU
		{2EF4B3B1-01C6-46D2-A4D8-B63C5D48F470}.Release|Any CPU.Build.0 = Release|Any CPU
		{4B65DE46-4FF0-4C44-8F53-3DC25B8803DF}.Debug|Any CPU.ActiveCfg = Debug|Any CPU
		{4B65DE46-4FF0-4C44-8F53-3DC25B8803DF}.Debug|Any CPU.Build.0 = Debug|Any CPU
		{4B65DE46-4FF0-4C44-8F53-3DC25B8803DF}.Release|Any CPU.ActiveCfg = Release|Any CPU
		{4B65DE46-4FF0-4C44-8F53-3DC25B8803DF}.Release|Any CPU.Build.0 = Release|Any CPU
		{004C71C1-C183-4A2F-BB1E-A63DC5A9ABD8}.Debug|Any CPU.ActiveCfg = Debug|Any CPU
		{004C71C1-C183-4A2F-BB1E-A63DC5A9ABD8}.Debug|Any CPU.Build.0 = Debug|Any CPU
		{004C71C1-C183-4A2F-BB1E-A63DC5A9ABD8}.Release|Any CPU.ActiveCfg = Release|Any CPU
		{004C71C1-C183-4A2F-BB1E-A63DC5A9ABD8}.Release|Any CPU.Build.0 = Release|Any CPU
		{65490084-0A37-4780-9F78-03C324FBE9E4}.Debug|Any CPU.ActiveCfg = Debug|Any CPU
		{65490084-0A37-4780-9F78-03C324FBE9E4}.Debug|Any CPU.Build.0 = Debug|Any CPU
		{65490084-0A37-4780-9F78-03C324FBE9E4}.Release|Any CPU.ActiveCfg = Release|Any CPU
		{65490084-0A37-4780-9F78-03C324FBE9E4}.Release|Any CPU.Build.0 = Release|Any CPU
	EndGlobalSection
	GlobalSection(SolutionProperties) = preSolution
		HideSolutionNode = FALSE
	EndGlobalSection
	GlobalSection(ExtensibilityGlobals) = postSolution
		SolutionGuid = {3BF7759C-7A42-4235-A693-69C965E0F0EC}
	EndGlobalSection
EndGlobal
